
Microsoft Visual Studio Solution File, Format Version 12.00
# Visual Studio Version 16
VisualStudioVersion = 16.0.29411.108
MinimumVisualStudioVersion = 10.0.40219.1
Project("{FAE04EC0-301F-11D3-BF4B-00C04F79EFBC}") = "HotelBooking", "HotelBooking\HotelBooking.csproj", "{C2A547FE-CF75-46C9-98CE-E6BEC1DDE51B}"
EndProject
Global
	GlobalSection(SolutionConfigurationPlatforms) = preSolution
		Debug|Any CPU = Debug|Any CPU
		Release|Any CPU = Release|Any CPU
	EndGlobalSection
	GlobalSection(ProjectConfigurationPlatforms) = postSolution
		{C2A547FE-CF75-46C9-98CE-E6BEC1DDE51B}.Debug|Any CPU.ActiveCfg = Debug|Any CPU
		{C2A547FE-CF75-46C9-98CE-E6BEC1DDE51B}.Debug|Any CPU.Build.0 = Debug|Any CPU
		{C2A547FE-CF75-46C9-98CE-E6BEC1DDE51B}.Release|Any CPU.ActiveCfg = Release|Any CPU
		{C2A547FE-CF75-46C9-98CE-E6BEC1DDE51B}.Release|Any CPU.Build.0 = Release|Any CPU
	EndGlobalSection
	GlobalSection(SolutionProperties) = preSolution
		HideSolutionNode = FALSE
	EndGlobalSection
	GlobalSection(ExtensibilityGlobals) = postSolution
		SolutionGuid = {14067CAD-497D-47C0-BC60-185436066DD8}
	EndGlobalSection
EndGlobal
